{
  "name": "filesexample",
  "version": "1.0.0",
  "lockfileVersion": 1,
  "requires": true,
  "dependencies": {
    "dbms": {
      "version": "1.0.3",
      "resolved": "https://registry.npmjs.org/dbms/-/dbms-1.0.3.tgz",
      "integrity": "sha512-r94zN1/V1Fu40dpF9vfH3Mb45MlJPLA4sxrUqdX28syjoVHUg6P6XnrOxU2gDkCMpCMy0PQiYqvzxvNfWC+B1A=="
    },
    "total4": {
      "version": "0.0.45",
      "resolved": "https://registry.npmjs.org/total4/-/total4-0.0.45.tgz",
      "integrity": "sha512-96vXqejddbAeNL6zpzbfm8ztiWL4G0fOuoUWniHDlu6oSz+DcxekHkzK0Y9X+ErlHCRTMsP2+ieMTqG6waowiA=="
    }
  }
}
